<Solution>
  <Folder Name="/src/">
    <Project Path="src/AdaVoice.Audio.Wasapi/AdaVoice.Audio.Wasapi.csproj" />
    <Project Path="src/AdaVoice.Audio/AdaVoice.Audio.csproj" />
    <Project Path="src/AdaVoice.Core/AdaVoice.Core.csproj" />
    <Project Path="src/AdaVoice.Host/AdaVoice.Host.csproj" />
  </Folder>
  <Folder Name="/tests/">
    <Project Path="tests/AdaVoice.Audio.Tests/AdaVoice.Audio.Tests.csproj" />
    <Project Path="tests/AdaVoice.Core.Tests/AdaVoice.Core.Tests.csproj" />
  </Folder>
  <Folder Name="/tools/">
    <Project Path="tools/AudioSeamCheck/AudioSeamCheck.csproj" />
  </Folder>
</Solution>
